
Microsoft Visual Studio Solution File, Format Version 11.00
# Visual Studio 2010
Project("{FAE04EC0-301F-11D3-BF4B-00C04F79EFBC}") = "cerTOpfx", "cerTOpfx\cerTOpfx.csproj", "{A21BF8C2-BBEB-4D19-8DBF-1F50222D588F}"
EndProject
Global
	GlobalSection(SolutionConfigurationPlatforms) = preSolution
		Debug|Any CPU = Debug|Any CPU
		Release|Any CPU = Release|Any CPU
	EndGlobalSection
	GlobalSection(ProjectConfigurationPlatforms) = postSolution
		{A21BF8C2-BBEB-4D19-8DBF-1F50222D588F}.Debug|Any CPU.ActiveCfg = Debug|Any CPU
		{A21BF8C2-BBEB-4D19-8DBF-1F50222D588F}.Debug|Any CPU.Build.0 = Debug|Any CPU
		{A21BF8C2-BBEB-4D19-8DBF-1F50222D588F}.Release|Any CPU.ActiveCfg = Release|Any CPU
		{A21BF8C2-BBEB-4D19-8DBF-1F50222D588F}.Release|Any CPU.Build.0 = Release|Any CPU
	EndGlobalSection
	GlobalSection(SolutionProperties) = preSolution
		HideSolutionNode = FALSE
	EndGlobalSection
EndGlobal
